
Microsoft Visual Studio Solution File, Format Version 12.00
# Visual Studio Version 16
VisualStudioVersion = 25.0.1706.6
MinimumVisualStudioVersion = 10.0.40219.1
Project("{FAE04EC0-301F-11D3-BF4B-00C04F79EFBC}") = "awt-shopping-list-ui", "awt-shopping-list-ui\awt-shopping-list-ui.csproj", "{8FEF706C-6513-4926-8723-E237F9722B1B}"
EndProject
Global
	GlobalSection(SolutionConfigurationPlatforms) = preSolution
		Debug|Any CPU = Debug|Any CPU
		Release|Any CPU = Release|Any CPU
	EndGlobalSection
	GlobalSection(ProjectConfigurationPlatforms) = postSolution
		{8FEF706C-6513-4926-8723-E237F9722B1B}.Debug|Any CPU.ActiveCfg = Debug|Any CPU
		{8FEF706C-6513-4926-8723-E237F9722B1B}.Debug|Any CPU.Build.0 = Debug|Any CPU
		{8FEF706C-6513-4926-8723-E237F9722B1B}.Release|Any CPU.ActiveCfg = Release|Any CPU
		{8FEF706C-6513-4926-8723-E237F9722B1B}.Release|Any CPU.Build.0 = Release|Any CPU
	EndGlobalSection
	GlobalSection(SolutionProperties) = preSolution
		HideSolutionNode = FALSE
	EndGlobalSection
	GlobalSection(ExtensibilityGlobals) = postSolution
		SolutionGuid = {D57064AE-F02D-4426-B9DE-66D2CB413925}
	EndGlobalSection
EndGlobal
